
Microsoft Visual Studio Solution File, Format Version 12.00
# Visual Studio Version 17
VisualStudioVersion = 17.5.002.0
MinimumVisualStudioVersion = 10.0.40219.1
Project("{9A19103F-16F7-4668-BE54-9A1E7A4F7556}") = "task1", "task1\task1.csproj", "{94462F6B-C4DD-48C4-95C0-55FD91BD4243}"
EndProject
Project("{9A19103F-16F7-4668-BE54-9A1E7A4F7556}") = "task2", "task2\task2.csproj", "{8678813D-AEE7-4A50-85FA-4DACC2509A3C}"
EndProject
Project("{9A19103F-16F7-4668-BE54-9A1E7A4F7556}") = "task3", "task3\task3.csproj", "{7E443D8F-2BF2-4D1A-B624-FBD7BAAD8CA8}"
EndProject
Global
	GlobalSection(SolutionConfigurationPlatforms) = preSolution
		Debug|Any CPU = Debug|Any CPU
		Release|Any CPU = Release|Any CPU
	EndGlobalSection
	GlobalSection(ProjectConfigurationPlatforms) = postSolution
		{94462F6B-C4DD-48C4-95C0-55FD91BD4243}.Debug|Any CPU.ActiveCfg = Debug|Any CPU
		{94462F6B-C4DD-48C4-95C0-55FD91BD4243}.Debug|Any CPU.Build.0 = Debug|Any CPU
		{94462F6B-C4DD-48C4-95C0-55FD91BD4243}.Release|Any CPU.ActiveCfg = Release|Any CPU
		{94462F6B-C4DD-48C4-95C0-55FD91BD4243}.Release|Any CPU.Build.0 = Release|Any CPU
		{8678813D-AEE7-4A50-85FA-4DACC2509A3C}.Debug|Any CPU.ActiveCfg = Debug|Any CPU
		{8678813D-AEE7-4A50-85FA-4DACC2509A3C}.Debug|Any CPU.Build.0 = Debug|Any CPU
		{8678813D-AEE7-4A50-85FA-4DACC2509A3C}.Release|Any CPU.ActiveCfg = Release|Any CPU
		{8678813D-AEE7-4A50-85FA-4DACC2509A3C}.Release|Any CPU.Build.0 = Release|Any CPU
		{7E443D8F-2BF2-4D1A-B624-FBD7BAAD8CA8}.Debug|Any CPU.ActiveCfg = Debug|Any CPU
		{7E443D8F-2BF2-4D1A-B624-FBD7BAAD8CA8}.Debug|Any CPU.Build.0 = Debug|Any CPU
		{7E443D8F-2BF2-4D1A-B624-FBD7BAAD8CA8}.Release|Any CPU.ActiveCfg = Release|Any CPU
		{7E443D8F-2BF2-4D1A-B624-FBD7BAAD8CA8}.Release|Any CPU.Build.0 = Release|Any CPU
	EndGlobalSection
	GlobalSection(SolutionProperties) = preSolution
		HideSolutionNode = FALSE
	EndGlobalSection
	GlobalSection(ExtensibilityGlobals) = postSolution
		SolutionGuid = {C13053CD-1F8E-432C-8F47-2B1248B83CF3}
	EndGlobalSection
EndGlobal
